
Microsoft Visual Studio Solution File, Format Version 12.00
# Visual Studio Version 17
VisualStudioVersion = 17.8.34330.188
MinimumVisualStudioVersion = 10.0.40219.1
Project("{F14B399A-7131-4C87-9E4B-1186C45EF12D}") = "MyFirstReport", "MyFirstReport\MyFirstReport.rptproj", "{F07C302E-B099-466D-904F-96D71BAD329E}"
EndProject
Global
	GlobalSection(SolutionConfigurationPlatforms) = preSolution
		Debug|Default = Debug|Default
		DebugLocal|Default = DebugLocal|Default
		Release|Default = Release|Default
	EndGlobalSection
	GlobalSection(ProjectConfigurationPlatforms) = postSolution
		{F07C302E-B099-466D-904F-96D71BAD329E}.Debug|Default.ActiveCfg = Debug
		{F07C302E-B099-466D-904F-96D71BAD329E}.Debug|Default.Build.0 = Debug
		{F07C302E-B099-466D-904F-96D71BAD329E}.Debug|Default.Deploy.0 = Debug
		{F07C302E-B099-466D-904F-96D71BAD329E}.DebugLocal|Default.ActiveCfg = DebugLocal
		{F07C302E-B099-466D-904F-96D71BAD329E}.DebugLocal|Default.Build.0 = DebugLocal
		{F07C302E-B099-466D-904F-96D71BAD329E}.Release|Default.ActiveCfg = Release
		{F07C302E-B099-466D-904F-96D71BAD329E}.Release|Default.Build.0 = Release
		{F07C302E-B099-466D-904F-96D71BAD329E}.Release|Default.Deploy.0 = Release
	EndGlobalSection
	GlobalSection(SolutionProperties) = preSolution
		HideSolutionNode = FALSE
	EndGlobalSection
	GlobalSection(ExtensibilityGlobals) = postSolution
		SolutionGuid = {BAA45A3A-9AE3-4ABD-932E-F9BC8747DF28}
	EndGlobalSection
EndGlobal
